
Microsoft Visual Studio Solution File, Format Version 12.00
# Visual Studio Version 17
VisualStudioVersion = 17.0.32014.148
MinimumVisualStudioVersion = 10.0.40219.1
Project("{FAE04EC0-301F-11D3-BF4B-00C04F79EFBC}") = "DotNetExtension", "DotNetExtension\DotNetExtension.csproj", "{C90FF2DE-14DD-414B-B64E-6A45BD52015B}"
EndProject
Project("{FAE04EC0-301F-11D3-BF4B-00C04F79EFBC}") = "DotNetExtension.Tests", "DotNetExtension.Tests\DotNetExtension.Tests.csproj", "{42703F2B-A3DB-445C-AF4F-AC9EC5D4DAC4}"
EndProject
Global
	GlobalSection(SolutionConfigurationPlatforms) = preSolution
		Debug|Any CPU = Debug|Any CPU
		Release|Any CPU = Release|Any CPU
	EndGlobalSection
	GlobalSection(ProjectConfigurationPlatforms) = postSolution
		{C90FF2DE-14DD-414B-B64E-6A45BD52015B}.Debug|Any CPU.ActiveCfg = Debug|Any CPU
		{C90FF2DE-14DD-414B-B64E-6A45BD52015B}.Debug|Any CPU.Build.0 = Debug|Any CPU
		{C90FF2DE-14DD-414B-B64E-6A45BD52015B}.Release|Any CPU.ActiveCfg = Release|Any CPU
		{C90FF2DE-14DD-414B-B64E-6A45BD52015B}.Release|Any CPU.Build.0 = Release|Any CPU
		{42703F2B-A3DB-445C-AF4F-AC9EC5D4DAC4}.Debug|Any CPU.ActiveCfg = Debug|Any CPU
		{42703F2B-A3DB-445C-AF4F-AC9EC5D4DAC4}.Debug|Any CPU.Build.0 = Debug|Any CPU
		{42703F2B-A3DB-445C-AF4F-AC9EC5D4DAC4}.Release|Any CPU.ActiveCfg = Release|Any CPU
		{42703F2B-A3DB-445C-AF4F-AC9EC5D4DAC4}.Release|Any CPU.Build.0 = Release|Any CPU
	EndGlobalSection
	GlobalSection(SolutionProperties) = preSolution
		HideSolutionNode = FALSE
	EndGlobalSection
	GlobalSection(ExtensibilityGlobals) = postSolution
		SolutionGuid = {D38217B0-B329-47DB-8F6B-17F07623E407}
	EndGlobalSection
EndGlobal
